{
  "name": "hello-jenkins",
  "version": "0.0.1",
  "lockfileVersion": 1,
  "requires": true,
  "dependencies": {
    "@bcoe/v8-coverage": {
      "version": "0.2.3",
      "resolved": "https://registry.npmjs.org/@bcoe/v8-coverage/-/v8-coverage-0.2.3.tgz",
      "integrity": "sha512-0hYQ8SB4Db5zvZB4axdMHGwEaQjkZzFjQiN9LVYvIFB2nSUHW9tYpxWriPrWDASIxiaXax83REcLxuSdnGPZtw==",
      "dev": true
    },
    "coverage-node": {
      "version": "2.0.3",
      "resolved": "https://registry.npmjs.org/coverage-node/-/coverage-node-2.0.3.tgz",
      "integrity": "sha512-RFRczoQtCpLTUDmEYMdyIrVH+Jjs/xy/lU9pPzmSmsQMFBP2JXBk5jmkBE6HttkWgEhy7zM3g1yQQ4i3v1kGKA==",
      "dev": true,
      "requires": {
        "@bcoe/v8-coverage": "^0.2.3",
        "disposable-directory": "^1.0.0",
        "kleur": "^3.0.3"
      }
    },
    "disposable-directory": {
      "version": "1.0.0",
      "resolved": "https://registry.npmjs.org/disposable-directory/-/disposable-directory-1.0.0.tgz",
      "integrity": "sha512-aoJJQdfTJgkco0U71weWZCznRPsraCJyWN80bTtDXSVfCXnDGizrc9fulLaojhoGnGgmcRQmYjbXC8TuWlE2FQ==",
      "dev": true
    },
    "kleur": {
      "version": "3.0.3",
      "resolved": "https://registry.npmjs.org/kleur/-/kleur-3.0.3.tgz",
      "integrity": "sha512-eTIzlVOSUR+JxdDFepEYcBMtZ9Qqdef+rnzWdRZuMbOywu5tO2w2N7rqjoANZ5k9vywhL6Br1VRjUIgTQx4E8w==",
      "dev": true
    }
  }
}
